// !$*UTF8*$!
{
	archiveVersion = 1;
	classes = {
	};
	objectVersion = 56;
	objects = {

/* Begin PBXBuildFile section */
		059FFF83945D54BE1D40DA3B /* SimpleMarkdownView.swift in Sources */ = {isa = PBXBuildFile; fileRef = AB1DD1C06187290F8C1E55B7 /* SimpleMarkdownView.swift */; };
		50C9E3F1376BD91EAD73693B /* ReviewResultBanner.swift in Sources */ = {isa = PBXBuildFile; fileRef = 8CC7E7A2BFBE40C9C953AAC1 /* ReviewResultBanner.swift */; };
		50E8A00079A63FE870E52AD6 /* DiffViewer.swift in Sources */ = {isa = PBXBuildFile; fileRef = 0951EE2550AB4CF2AFFE5048 /* DiffViewer.swift */; };
		72D040504BEC8F0E0070302E /* AIAnalysis.swift in Sources */ = {isa = PBXBuildFile; fileRef = B02EF6DE785916C7BBABC59B /* AIAnalysis.swift */; };
		8EFE8BBAE7A4F17151A0C2B4 /* ReviewReportPanel.swift in Sources */ = {isa = PBXBuildFile; fileRef = 754A0B24F5DFB084B07048A0 /* ReviewReportPanel.swift */; };
		A1000001A1000001A1000001 /* ClaudePMApp.swift in Sources */ = {isa = PBXBuildFile; fileRef = A1000001A1000001A1000000 /* ClaudePMApp.swift */; };
		A1000002A1000002A1000002 /* ContentView.swift in Sources */ = {isa = PBXBuildFile; fileRef = A1000002A1000002A1000000 /* ContentView.swift */; };
		A1000003A1000003A1000003 /* SettingsView.swift in Sources */ = {isa = PBXBuildFile; fileRef = A1000003A1000003A1000000 /* SettingsView.swift */; };
		A1000004A1000004A1000004 /* Session.swift in Sources */ = {isa = PBXBuildFile; fileRef = A1000004A1000004A1000000 /* Session.swift */; };
		A1000005A1000005A1000005 /* APIClient.swift in Sources */ = {isa = PBXBuildFile; fileRef = A1000005A1000005A1000000 /* APIClient.swift */; };
		A1000006A1000006A1000006 /* KeychainHelper.swift in Sources */ = {isa = PBXBuildFile; fileRef = A1000006A1000006A1000000 /* KeychainHelper.swift */; };
		A1000007A1000007A1000007 /* ConnectionViewModel.swift in Sources */ = {isa = PBXBuildFile; fileRef = A1000007A1000007A1000000 /* ConnectionViewModel.swift */; };
		A1000008A1000008A1000008 /* Assets.xcassets in Resources */ = {isa = PBXBuildFile; fileRef = A1000008A1000008A1000000 /* Assets.xcassets */; };
		A1000009A1000009A1000009 /* WebSocketClient.swift in Sources */ = {isa = PBXBuildFile; fileRef = A1000009A1000009A1000000 /* WebSocketClient.swift */; };
		A100000AA100000AA100000A /* SessionUpdate.swift in Sources */ = {isa = PBXBuildFile; fileRef = A100000AA100000AA1000000 /* SessionUpdate.swift */; };
		A100000BA100000BA100000B /* SessionListViewModel.swift in Sources */ = {isa = PBXBuildFile; fileRef = A100000BA100000BA1000000 /* SessionListViewModel.swift */; };
		A100000CA100000CA100000C /* SessionRowView.swift in Sources */ = {isa = PBXBuildFile; fileRef = A100000CA100000CA1000000 /* SessionRowView.swift */; };
		A100000DA100000DA100000D /* SessionDetailView.swift in Sources */ = {isa = PBXBuildFile; fileRef = A100000DA100000DA1000000 /* SessionDetailView.swift */; };
		A1000010A1000010A1000010 /* ClaudePMTests.swift in Sources */ = {isa = PBXBuildFile; fileRef = A1000010A1000010A1000000 /* ClaudePMTests.swift */; };
		A1000011A1000011A1000011 /* Ticket.swift in Sources */ = {isa = PBXBuildFile; fileRef = A1000011A1000011A1000000 /* Ticket.swift */; };
		A1000012A1000012A1000012 /* Project.swift in Sources */ = {isa = PBXBuildFile; fileRef = A1000012A1000012A1000000 /* Project.swift */; };
		A1000013A1000013A1000013 /* TicketBoardViewModel.swift in Sources */ = {isa = PBXBuildFile; fileRef = A1000013A1000013A1000000 /* TicketBoardViewModel.swift */; };
		A1000014A1000014A1000014 /* TicketBoardView.swift in Sources */ = {isa = PBXBuildFile; fileRef = A1000014A1000014A1000000 /* TicketBoardView.swift */; };
		A1000015A1000015A1000015 /* TicketColumnView.swift in Sources */ = {isa = PBXBuildFile; fileRef = A1000015A1000015A1000000 /* TicketColumnView.swift */; };
		A1000016A1000016A1000016 /* TicketCardView.swift in Sources */ = {isa = PBXBuildFile; fileRef = A1000016A1000016A1000000 /* TicketCardView.swift */; };
		A1000017A1000017A1000017 /* TicketDetailSheet.swift in Sources */ = {isa = PBXBuildFile; fileRef = A1000017A1000017A1000000 /* TicketDetailSheet.swift */; };
		A1000018A1000018A1000018 /* FilterChipsView.swift in Sources */ = {isa = PBXBuildFile; fileRef = A1000018A1000018A1000000 /* FilterChipsView.swift */; };
		A1000019A1000019A1000019 /* InAppNotification.swift in Sources */ = {isa = PBXBuildFile; fileRef = A1000019A1000019A1000000 /* InAppNotification.swift */; };
		A100001AA100001AA100001A /* NotificationManager.swift in Sources */ = {isa = PBXBuildFile; fileRef = A100001AA100001AA1000000 /* NotificationManager.swift */; };
		A100001BA100001BA100001B /* NotificationBannerView.swift in Sources */ = {isa = PBXBuildFile; fileRef = A100001BA100001BA1000000 /* NotificationBannerView.swift */; };
		A100001CA100001CA100001C /* NotificationsListView.swift in Sources */ = {isa = PBXBuildFile; fileRef = A100001CA100001CA1000000 /* NotificationsListView.swift */; };
		A100001DA100001DA100001D /* PtyConnection.swift in Sources */ = {isa = PBXBuildFile; fileRef = A100001DA100001DA1000000 /* PtyConnection.swift */; };
		A100001EA100001EA100001E /* TerminalView.swift in Sources */ = {isa = PBXBuildFile; fileRef = A100001EA100001EA1000000 /* TerminalView.swift */; };
		ADC5CBC40D2F1962EACC06CF /* SessionSummaryCard.swift in Sources */ = {isa = PBXBuildFile; fileRef = 1A774DCB97C538CB51787D1E /* SessionSummaryCard.swift */; };
		C52F58572F06082F00531618 /* SwiftTerm in Frameworks */ = {isa = PBXBuildFile; productRef = A1000701A1000701A1000701 /* SwiftTerm */; };
		C52F585A2F06CFDB00531618 /* JetBrainsMonoNerdFontMono-Bold.ttf in Resources */ = {isa = PBXBuildFile; fileRef = C52F58582F06CFDB00531618 /* JetBrainsMonoNerdFontMono-Bold.ttf */; };
		C52F585B2F06CFDB00531618 /* JetBrainsMonoNerdFontMono-Regular.ttf in Resources */ = {isa = PBXBuildFile; fileRef = C52F58592F06CFDB00531618 /* JetBrainsMonoNerdFontMono-Regular.ttf */; };
		E4FF50B93823CEF46EC44D62 /* ReviewHistoryPanel.swift in Sources */ = {isa = PBXBuildFile; fileRef = 4B8CC33D130D7F588859FF00 /* ReviewHistoryPanel.swift */; };
		F1LE5TAGER001F1LE5TAGER01 /* FileStagerView.swift in Sources */ = {isa = PBXBuildFile; fileRef = F1LE5TAGER000F1LE5TAGER00 /* FileStagerView.swift */; };
		CREAT3ADHOC01CREAT3ADHOC01 /* CreateAdhocTicketSheet.swift in Sources */ = {isa = PBXBuildFile; fileRef = CREAT3ADHOC00CREAT3ADHOC00 /* CreateAdhocTicketSheet.swift */; };
/* End PBXBuildFile section */

/* Begin PBXContainerItemProxy section */
		A1000020A1000020A1000020 /* PBXContainerItemProxy */ = {
			isa = PBXContainerItemProxy;
			containerPortal = A1000100A1000100A1000100 /* Project object */;
			proxyType = 1;
			remoteGlobalIDString = A1000200A1000200A1000200;
			remoteInfo = ClaudePM;
		};
/* End PBXContainerItemProxy section */

/* Begin PBXFileReference section */
		0951EE2550AB4CF2AFFE5048 /* DiffViewer.swift */ = {isa = PBXFileReference; includeInIndex = 1; lastKnownFileType = sourcecode.swift; path = DiffViewer.swift; sourceTree = "<group>"; };
		1A774DCB97C538CB51787D1E /* SessionSummaryCard.swift */ = {isa = PBXFileReference; includeInIndex = 1; lastKnownFileType = sourcecode.swift; path = SessionSummaryCard.swift; sourceTree = "<group>"; };
		4B8CC33D130D7F588859FF00 /* ReviewHistoryPanel.swift */ = {isa = PBXFileReference; includeInIndex = 1; lastKnownFileType = sourcecode.swift; path = ReviewHistoryPanel.swift; sourceTree = "<group>"; };
		754A0B24F5DFB084B07048A0 /* ReviewReportPanel.swift */ = {isa = PBXFileReference; includeInIndex = 1; lastKnownFileType = sourcecode.swift; path = ReviewReportPanel.swift; sourceTree = "<group>"; };
		8CC7E7A2BFBE40C9C953AAC1 /* ReviewResultBanner.swift */ = {isa = PBXFileReference; includeInIndex = 1; lastKnownFileType = sourcecode.swift; path = ReviewResultBanner.swift; sourceTree = "<group>"; };
		A1000001A1000001A1000000 /* ClaudePMApp.swift */ = {isa = PBXFileReference; lastKnownFileType = sourcecode.swift; path = ClaudePMApp.swift; sourceTree = "<group>"; };
		A1000002A1000002A1000000 /* ContentView.swift */ = {isa = PBXFileReference; lastKnownFileType = sourcecode.swift; path = ContentView.swift; sourceTree = "<group>"; };
		A1000003A1000003A1000000 /* SettingsView.swift */ = {isa = PBXFileReference; lastKnownFileType = sourcecode.swift; path = SettingsView.swift; sourceTree = "<group>"; };
		A1000004A1000004A1000000 /* Session.swift */ = {isa = PBXFileReference; lastKnownFileType = sourcecode.swift; path = Session.swift; sourceTree = "<group>"; };
		A1000005A1000005A1000000 /* APIClient.swift */ = {isa = PBXFileReference; lastKnownFileType = sourcecode.swift; path = APIClient.swift; sourceTree = "<group>"; };
		A1000006A1000006A1000000 /* KeychainHelper.swift */ = {isa = PBXFileReference; lastKnownFileType = sourcecode.swift; path = KeychainHelper.swift; sourceTree = "<group>"; };
		A1000007A1000007A1000000 /* ConnectionViewModel.swift */ = {isa = PBXFileReference; lastKnownFileType = sourcecode.swift; path = ConnectionViewModel.swift; sourceTree = "<group>"; };
		A1000008A1000008A1000000 /* Assets.xcassets */ = {isa = PBXFileReference; lastKnownFileType = folder.assetcatalog; path = Assets.xcassets; sourceTree = "<group>"; };
		A1000009A1000009A1000000 /* WebSocketClient.swift */ = {isa = PBXFileReference; lastKnownFileType = sourcecode.swift; path = WebSocketClient.swift; sourceTree = "<group>"; };
		A100000AA100000AA1000000 /* SessionUpdate.swift */ = {isa = PBXFileReference; lastKnownFileType = sourcecode.swift; path = SessionUpdate.swift; sourceTree = "<group>"; };
		A100000BA100000BA1000000 /* SessionListViewModel.swift */ = {isa = PBXFileReference; lastKnownFileType = sourcecode.swift; path = SessionListViewModel.swift; sourceTree = "<group>"; };
		A100000CA100000CA1000000 /* SessionRowView.swift */ = {isa = PBXFileReference; lastKnownFileType = sourcecode.swift; path = SessionRowView.swift; sourceTree = "<group>"; };
		A100000DA100000DA1000000 /* SessionDetailView.swift */ = {isa = PBXFileReference; lastKnownFileType = sourcecode.swift; path = SessionDetailView.swift; sourceTree = "<group>"; };
		A1000010A1000010A1000000 /* ClaudePMTests.swift */ = {isa = PBXFileReference; lastKnownFileType = sourcecode.swift; path = ClaudePMTests.swift; sourceTree = "<group>"; };
		A1000011A1000011A1000000 /* Ticket.swift */ = {isa = PBXFileReference; lastKnownFileType = sourcecode.swift; path = Ticket.swift; sourceTree = "<group>"; };
		A1000012A1000012A1000000 /* Project.swift */ = {isa = PBXFileReference; lastKnownFileType = sourcecode.swift; path = Project.swift; sourceTree = "<group>"; };
		A1000013A1000013A1000000 /* TicketBoardViewModel.swift */ = {isa = PBXFileReference; lastKnownFileType = sourcecode.swift; path = TicketBoardViewModel.swift; sourceTree = "<group>"; };
		A1000014A1000014A1000000 /* TicketBoardView.swift */ = {isa = PBXFileReference; lastKnownFileType = sourcecode.swift; path = TicketBoardView.swift; sourceTree = "<group>"; };
		A1000015A1000015A1000000 /* TicketColumnView.swift */ = {isa = PBXFileReference; lastKnownFileType = sourcecode.swift; path = TicketColumnView.swift; sourceTree = "<group>"; };
		A1000016A1000016A1000000 /* TicketCardView.swift */ = {isa = PBXFileReference; lastKnownFileType = sourcecode.swift; path = TicketCardView.swift; sourceTree = "<group>"; };
		A1000017A1000017A1000000 /* TicketDetailSheet.swift */ = {isa = PBXFileReference; lastKnownFileType = sourcecode.swift; path = TicketDetailSheet.swift; sourceTree = "<group>"; };
		A1000018A1000018A1000000 /* FilterChipsView.swift */ = {isa = PBXFileReference; lastKnownFileType = sourcecode.swift; path = FilterChipsView.swift; sourceTree = "<group>"; };
		A1000019A1000019A1000000 /* InAppNotification.swift */ = {isa = PBXFileReference; lastKnownFileType = sourcecode.swift; path = InAppNotification.swift; sourceTree = "<group>"; };
		A100001AA100001AA1000000 /* NotificationManager.swift */ = {isa = PBXFileReference; lastKnownFileType = sourcecode.swift; path = NotificationManager.swift; sourceTree = "<group>"; };
		A100001BA100001BA1000000 /* NotificationBannerView.swift */ = {isa = PBXFileReference; lastKnownFileType = sourcecode.swift; path = NotificationBannerView.swift; sourceTree = "<group>"; };
		A100001CA100001CA1000000 /* NotificationsListView.swift */ = {isa = PBXFileReference; lastKnownFileType = sourcecode.swift; path = NotificationsListView.swift; sourceTree = "<group>"; };
		A100001DA100001DA1000000 /* PtyConnection.swift */ = {isa = PBXFileReference; lastKnownFileType = sourcecode.swift; path = PtyConnection.swift; sourceTree = "<group>"; };
		A100001EA100001EA1000000 /* TerminalView.swift */ = {isa = PBXFileReference; lastKnownFileType = sourcecode.swift; path = TerminalView.swift; sourceTree = "<group>"; };
		A1000200A1000200A1000001 /* ClaudePM.app */ = {isa = PBXFileReference; explicitFileType = wrapper.application; includeInIndex = 0; path = ClaudePM.app; sourceTree = BUILT_PRODUCTS_DIR; };
		A1000300A1000300A1000001 /* ClaudePMTests.xctest */ = {isa = PBXFileReference; explicitFileType = wrapper.cfbundle; includeInIndex = 0; path = ClaudePMTests.xctest; sourceTree = BUILT_PRODUCTS_DIR; };
		AB1DD1C06187290F8C1E55B7 /* SimpleMarkdownView.swift */ = {isa = PBXFileReference; includeInIndex = 1; lastKnownFileType = sourcecode.swift; path = SimpleMarkdownView.swift; sourceTree = "<group>"; };
		B02EF6DE785916C7BBABC59B /* AIAnalysis.swift */ = {isa = PBXFileReference; includeInIndex = 1; lastKnownFileType = sourcecode.swift; path = AIAnalysis.swift; sourceTree = "<group>"; };
		C52F58582F06CFDB00531618 /* JetBrainsMonoNerdFontMono-Bold.ttf */ = {isa = PBXFileReference; lastKnownFileType = file; path = "JetBrainsMonoNerdFontMono-Bold.ttf"; sourceTree = "<group>"; };
		C52F58592F06CFDB00531618 /* JetBrainsMonoNerdFontMono-Regular.ttf */ = {isa = PBXFileReference; lastKnownFileType = file; path = "JetBrainsMonoNerdFontMono-Regular.ttf"; sourceTree = "<group>"; };
		F1LE5TAGER000F1LE5TAGER00 /* FileStagerView.swift */ = {isa = PBXFileReference; includeInIndex = 1; lastKnownFileType = sourcecode.swift; path = FileStagerView.swift; sourceTree = "<group>"; };
		CREAT3ADHOC00CREAT3ADHOC00 /* CreateAdhocTicketSheet.swift */ = {isa = PBXFileReference; includeInIndex = 1; lastKnownFileType = sourcecode.swift; path = CreateAdhocTicketSheet.swift; sourceTree = "<group>"; };
/* End PBXFileReference section */

/* Begin PBXFrameworksBuildPhase section */
		A1000200A1000200A1000010 /* Frameworks */ = {
			isa = PBXFrameworksBuildPhase;
			buildActionMask = 2147483647;
			files = (
				C52F58572F06082F00531618 /* SwiftTerm in Frameworks */,
			);
			runOnlyForDeploymentPostprocessing = 0;
		};
		A1000300A1000300A1000010 /* Frameworks */ = {
			isa = PBXFrameworksBuildPhase;
			buildActionMask = 2147483647;
			files = (
			);
			runOnlyForDeploymentPostprocessing = 0;
		};
/* End PBXFrameworksBuildPhase section */

/* Begin PBXGroup section */
		391CD4AFAA0C073F6288997A /* Components */ = {
			isa = PBXGroup;
			children = (
				AB1DD1C06187290F8C1E55B7 /* SimpleMarkdownView.swift */,
			);
			name = Components;
			path = Components;
			sourceTree = "<group>";
		};
		A1000100A1000100A1000000 = {
			isa = PBXGroup;
			children = (
				A1000400A1000400A1000000 /* ClaudePM */,
				A1000500A1000500A1000000 /* ClaudePMTests */,
				A1000600A1000600A1000000 /* Products */,
			);
			sourceTree = "<group>";
		};
		A1000400A1000400A1000000 /* ClaudePM */ = {
			isa = PBXGroup;
			children = (
				A1000410A1000410A1000000 /* App */,
				A1000420A1000420A1000000 /* Models */,
				A1000430A1000430A1000000 /* Services */,
				A1000440A1000440A1000000 /* ViewModels */,
				A1000450A1000450A1000000 /* Views */,
				A1000460A1000460A1000000 /* Resources */,
			);
			path = ClaudePM;
			sourceTree = "<group>";
		};
		A1000410A1000410A1000000 /* App */ = {
			isa = PBXGroup;
			children = (
				A1000001A1000001A1000000 /* ClaudePMApp.swift */,
			);
			path = App;
			sourceTree = "<group>";
		};
		A1000420A1000420A1000000 /* Models */ = {
			isa = PBXGroup;
			children = (
				A1000004A1000004A1000000 /* Session.swift */,
				A100000AA100000AA1000000 /* SessionUpdate.swift */,
				A1000011A1000011A1000000 /* Ticket.swift */,
				A1000012A1000012A1000000 /* Project.swift */,
				A1000019A1000019A1000000 /* InAppNotification.swift */,
				B02EF6DE785916C7BBABC59B /* AIAnalysis.swift */,
			);
			path = Models;
			sourceTree = "<group>";
		};
		A1000430A1000430A1000000 /* Services */ = {
			isa = PBXGroup;
			children = (
				A1000005A1000005A1000000 /* APIClient.swift */,
				A1000006A1000006A1000000 /* KeychainHelper.swift */,
				A1000009A1000009A1000000 /* WebSocketClient.swift */,
				A100001AA100001AA1000000 /* NotificationManager.swift */,
				A100001DA100001DA1000000 /* PtyConnection.swift */,
			);
			path = Services;
			sourceTree = "<group>";
		};
		A1000440A1000440A1000000 /* ViewModels */ = {
			isa = PBXGroup;
			children = (
				A1000007A1000007A1000000 /* ConnectionViewModel.swift */,
				A100000BA100000BA1000000 /* SessionListViewModel.swift */,
				A1000013A1000013A1000000 /* TicketBoardViewModel.swift */,
			);
			path = ViewModels;
			sourceTree = "<group>";
		};
		A1000450A1000450A1000000 /* Views */ = {
			isa = PBXGroup;
			children = (
				A1000002A1000002A1000000 /* ContentView.swift */,
				A100000CA100000CA1000000 /* SessionRowView.swift */,
				A100000DA100000DA1000000 /* SessionDetailView.swift */,
				A1000003A1000003A1000000 /* SettingsView.swift */,
				A100001BA100001BA1000000 /* NotificationBannerView.swift */,
				A100001CA100001CA1000000 /* NotificationsListView.swift */,
				A100001EA100001EA1000000 /* TerminalView.swift */,
				A1000470A1000470A1000000 /* Tickets */,
				391CD4AFAA0C073F6288997A /* Components */,
			);
			path = Views;
			sourceTree = "<group>";
		};
		A1000460A1000460A1000000 /* Resources */ = {
			isa = PBXGroup;
			children = (
				C52F58582F06CFDB00531618 /* JetBrainsMonoNerdFontMono-Bold.ttf */,
				C52F58592F06CFDB00531618 /* JetBrainsMonoNerdFontMono-Regular.ttf */,
				A1000008A1000008A1000000 /* Assets.xcassets */,
			);
			path = Resources;
			sourceTree = "<group>";
		};
		A1000470A1000470A1000000 /* Tickets */ = {
			isa = PBXGroup;
			children = (
				A1000014A1000014A1000000 /* TicketBoardView.swift */,
				A1000015A1000015A1000000 /* TicketColumnView.swift */,
				A1000016A1000016A1000000 /* TicketCardView.swift */,
				A1000017A1000017A1000000 /* TicketDetailSheet.swift */,
				A1000018A1000018A1000000 /* FilterChipsView.swift */,
				CREAT3ADHOC00CREAT3ADHOC00 /* CreateAdhocTicketSheet.swift */,
				1A774DCB97C538CB51787D1E /* SessionSummaryCard.swift */,
				754A0B24F5DFB084B07048A0 /* ReviewReportPanel.swift */,
				0951EE2550AB4CF2AFFE5048 /* DiffViewer.swift */,
				4B8CC33D130D7F588859FF00 /* ReviewHistoryPanel.swift */,
				8CC7E7A2BFBE40C9C953AAC1 /* ReviewResultBanner.swift */,
				F1LE5TAGER000F1LE5TAGER00 /* FileStagerView.swift */,
			);
			path = Tickets;
			sourceTree = "<group>";
		};
		A1000500A1000500A1000000 /* ClaudePMTests */ = {
			isa = PBXGroup;
			children = (
				A1000010A1000010A1000000 /* ClaudePMTests.swift */,
			);
			path = ClaudePMTests;
			sourceTree = "<group>";
		};
		A1000600A1000600A1000000 /* Products */ = {
			isa = PBXGroup;
			children = (
				A1000200A1000200A1000001 /* ClaudePM.app */,
				A1000300A1000300A1000001 /* ClaudePMTests.xctest */,
			);
			name = Products;
			sourceTree = "<group>";
		};
/* End PBXGroup section */

/* Begin PBXNativeTarget section */
		A1000200A1000200A1000200 /* ClaudePM */ = {
			isa = PBXNativeTarget;
			buildConfigurationList = A1000200A1000200A1000300 /* Build configuration list for PBXNativeTarget "ClaudePM" */;
			buildPhases = (
				A1000200A1000200A1000020 /* Sources */,
				A1000200A1000200A1000010 /* Frameworks */,
				A1000200A1000200A1000030 /* Resources */,
			);
			buildRules = (
			);
			dependencies = (
			);
			name = ClaudePM;
			packageProductDependencies = (
				A1000701A1000701A1000701 /* SwiftTerm */,
			);
			productName = ClaudePM;
			productReference = A1000200A1000200A1000001 /* ClaudePM.app */;
			productType = "com.apple.product-type.application";
		};
		A1000300A1000300A1000200 /* ClaudePMTests */ = {
			isa = PBXNativeTarget;
			buildConfigurationList = A1000300A1000300A1000300 /* Build configuration list for PBXNativeTarget "ClaudePMTests" */;
			buildPhases = (
				A1000300A1000300A1000020 /* Sources */,
				A1000300A1000300A1000010 /* Frameworks */,
				A1000300A1000300A1000030 /* Resources */,
			);
			buildRules = (
			);
			dependencies = (
				A1000020A1000020A1000021 /* PBXTargetDependency */,
			);
			name = ClaudePMTests;
			productName = ClaudePMTests;
			productReference = A1000300A1000300A1000001 /* ClaudePMTests.xctest */;
			productType = "com.apple.product-type.bundle.unit-test";
		};
/* End PBXNativeTarget section */

/* Begin PBXProject section */
		A1000100A1000100A1000100 /* Project object */ = {
			isa = PBXProject;
			attributes = {
				BuildIndependentTargetsInParallel = 1;
				LastSwiftUpdateCheck = 1500;
				LastUpgradeCheck = 1500;
				TargetAttributes = {
					A1000200A1000200A1000200 = {
						CreatedOnToolsVersion = 15.0;
					};
					A1000300A1000300A1000200 = {
						CreatedOnToolsVersion = 15.0;
						TestTargetID = A1000200A1000200A1000200;
					};
				};
			};
			buildConfigurationList = A1000100A1000100A1000200 /* Build configuration list for PBXProject "ClaudePM" */;
			compatibilityVersion = "Xcode 14.0";
			developmentRegion = en;
			hasScannedForEncodings = 0;
			knownRegions = (
				en,
				Base,
			);
			mainGroup = A1000100A1000100A1000000;
			packageReferences = (
				A1000700A1000700A1000700 /* XCRemoteSwiftPackageReference "SwiftTerm" */,
			);
			productRefGroup = A1000600A1000600A1000000 /* Products */;
			projectDirPath = "";
			projectRoot = "";
			targets = (
				A1000200A1000200A1000200 /* ClaudePM */,
				A1000300A1000300A1000200 /* ClaudePMTests */,
			);
		};
/* End PBXProject section */

/* Begin PBXResourcesBuildPhase section */
		A1000200A1000200A1000030 /* Resources */ = {
			isa = PBXResourcesBuildPhase;
			buildActionMask = 2147483647;
			files = (
				C52F585A2F06CFDB00531618 /* JetBrainsMonoNerdFontMono-Bold.ttf in Resources */,
				C52F585B2F06CFDB00531618 /* JetBrainsMonoNerdFontMono-Regular.ttf in Resources */,
				A1000008A1000008A1000008 /* Assets.xcassets in Resources */,
			);
			runOnlyForDeploymentPostprocessing = 0;
		};
		A1000300A1000300A1000030 /* Resources */ = {
			isa = PBXResourcesBuildPhase;
			buildActionMask = 2147483647;
			files = (
			);
			runOnlyForDeploymentPostprocessing = 0;
		};
/* End PBXResourcesBuildPhase section */

/* Begin PBXSourcesBuildPhase section */
		A1000200A1000200A1000020 /* Sources */ = {
			isa = PBXSourcesBuildPhase;
			buildActionMask = 2147483647;
			files = (
				A1000001A1000001A1000001 /* ClaudePMApp.swift in Sources */,
				A1000002A1000002A1000002 /* ContentView.swift in Sources */,
				A1000003A1000003A1000003 /* SettingsView.swift in Sources */,
				A1000004A1000004A1000004 /* Session.swift in Sources */,
				A1000005A1000005A1000005 /* APIClient.swift in Sources */,
				A1000006A1000006A1000006 /* KeychainHelper.swift in Sources */,
				A1000007A1000007A1000007 /* ConnectionViewModel.swift in Sources */,
				A1000009A1000009A1000009 /* WebSocketClient.swift in Sources */,
				A100000AA100000AA100000A /* SessionUpdate.swift in Sources */,
				A100000BA100000BA100000B /* SessionListViewModel.swift in Sources */,
				A100000CA100000CA100000C /* SessionRowView.swift in Sources */,
				A100000DA100000DA100000D /* SessionDetailView.swift in Sources */,
				A1000011A1000011A1000011 /* Ticket.swift in Sources */,
				A1000012A1000012A1000012 /* Project.swift in Sources */,
				A1000013A1000013A1000013 /* TicketBoardViewModel.swift in Sources */,
				A1000014A1000014A1000014 /* TicketBoardView.swift in Sources */,
				A1000015A1000015A1000015 /* TicketColumnView.swift in Sources */,
				A1000016A1000016A1000016 /* TicketCardView.swift in Sources */,
				A1000017A1000017A1000017 /* TicketDetailSheet.swift in Sources */,
				A1000018A1000018A1000018 /* FilterChipsView.swift in Sources */,
				A1000019A1000019A1000019 /* InAppNotification.swift in Sources */,
				A100001AA100001AA100001A /* NotificationManager.swift in Sources */,
				A100001BA100001BA100001B /* NotificationBannerView.swift in Sources */,
				A100001CA100001CA100001C /* NotificationsListView.swift in Sources */,
				A100001DA100001DA100001D /* PtyConnection.swift in Sources */,
				A100001EA100001EA100001E /* TerminalView.swift in Sources */,
				72D040504BEC8F0E0070302E /* AIAnalysis.swift in Sources */,
				059FFF83945D54BE1D40DA3B /* SimpleMarkdownView.swift in Sources */,
				ADC5CBC40D2F1962EACC06CF /* SessionSummaryCard.swift in Sources */,
				8EFE8BBAE7A4F17151A0C2B4 /* ReviewReportPanel.swift in Sources */,
				50E8A00079A63FE870E52AD6 /* DiffViewer.swift in Sources */,
				E4FF50B93823CEF46EC44D62 /* ReviewHistoryPanel.swift in Sources */,
				50C9E3F1376BD91EAD73693B /* ReviewResultBanner.swift in Sources */,
				F1LE5TAGER001F1LE5TAGER01 /* FileStagerView.swift in Sources */,
				CREAT3ADHOC01CREAT3ADHOC01 /* CreateAdhocTicketSheet.swift in Sources */,
			);
			runOnlyForDeploymentPostprocessing = 0;
		};
		A1000300A1000300A1000020 /* Sources */ = {
			isa = PBXSourcesBuildPhase;
			buildActionMask = 2147483647;
			files = (
				A1000010A1000010A1000010 /* ClaudePMTests.swift in Sources */,
			);
			runOnlyForDeploymentPostprocessing = 0;
		};
/* End PBXSourcesBuildPhase section */

/* Begin PBXTargetDependency section */
		A1000020A1000020A1000021 /* PBXTargetDependency */ = {
			isa = PBXTargetDependency;
			target = A1000200A1000200A1000200 /* ClaudePM */;
			targetProxy = A1000020A1000020A1000020 /* PBXContainerItemProxy */;
		};
/* End PBXTargetDependency section */

/* Begin XCBuildConfiguration section */
		A1000100A1000100A1000300 /* Debug */ = {
			isa = XCBuildConfiguration;
			buildSettings = {
				ALWAYS_SEARCH_USER_PATHS = NO;
				ASSETCATALOG_COMPILER_GENERATE_SWIFT_ASSET_SYMBOL_EXTENSIONS = YES;
				CLANG_ANALYZER_NONNULL = YES;
				CLANG_ANALYZER_NUMBER_OBJECT_CONVERSION = YES_AGGRESSIVE;
				CLANG_CXX_LANGUAGE_STANDARD = "gnu++20";
				CLANG_ENABLE_MODULES = YES;
				CLANG_ENABLE_OBJC_ARC = YES;
				CLANG_ENABLE_OBJC_WEAK = YES;
				CLANG_WARN_BLOCK_CAPTURE_AUTORELEASING = YES;
				CLANG_WARN_BOOL_CONVERSION = YES;
				CLANG_WARN_COMMA = YES;
				CLANG_WARN_CONSTANT_CONVERSION = YES;
				CLANG_WARN_DEPRECATED_OBJC_IMPLEMENTATIONS = YES;
				CLANG_WARN_DIRECT_OBJC_ISA_USAGE = YES_ERROR;
				CLANG_WARN_DOCUMENTATION_COMMENTS = YES;
				CLANG_WARN_EMPTY_BODY = YES;
				CLANG_WARN_ENUM_CONVERSION = YES;
				CLANG_WARN_INFINITE_RECURSION = YES;
				CLANG_WARN_INT_CONVERSION = YES;
				CLANG_WARN_NON_LITERAL_NULL_CONVERSION = YES;
				CLANG_WARN_OBJC_IMPLICIT_RETAIN_SELF = YES;
				CLANG_WARN_OBJC_LITERAL_CONVERSION = YES;
				CLANG_WARN_OBJC_ROOT_CLASS = YES_ERROR;
				CLANG_WARN_QUOTED_INCLUDE_IN_FRAMEWORK_HEADER = YES;
				CLANG_WARN_RANGE_LOOP_ANALYSIS = YES;
				CLANG_WARN_STRICT_PROTOTYPES = YES;
				CLANG_WARN_SUSPICIOUS_MOVE = YES;
				CLANG_WARN_UNGUARDED_AVAILABILITY = YES_AGGRESSIVE;
				CLANG_WARN_UNREACHABLE_CODE = YES;
				CLANG_WARN__DUPLICATE_METHOD_MATCH = YES;
				COPY_PHASE_STRIP = NO;
				DEBUG_INFORMATION_FORMAT = dwarf;
				ENABLE_STRICT_OBJC_MSGSEND = YES;
				ENABLE_TESTABILITY = YES;
				ENABLE_USER_SCRIPT_SANDBOXING = YES;
				GCC_C_LANGUAGE_STANDARD = gnu17;
				GCC_DYNAMIC_NO_PIC = NO;
				GCC_NO_COMMON_BLOCKS = YES;
				GCC_OPTIMIZATION_LEVEL = 0;
				GCC_PREPROCESSOR_DEFINITIONS = (
					"DEBUG=1",
					"$(inherited)",
				);
				GCC_WARN_64_TO_32_BIT_CONVERSION = YES;
				GCC_WARN_ABOUT_RETURN_TYPE = YES_ERROR;
				GCC_WARN_UNDECLARED_SELECTOR = YES;
				GCC_WARN_UNINITIALIZED_AUTOS = YES_AGGRESSIVE;
				GCC_WARN_UNUSED_FUNCTION = YES;
				GCC_WARN_UNUSED_VARIABLE = YES;
				IPHONEOS_DEPLOYMENT_TARGET = 17.0;
				LOCALIZATION_PREFERS_STRING_CATALOGS = YES;
				MTL_ENABLE_DEBUG_INFO = INCLUDE_SOURCE;
				MTL_FAST_MATH = YES;
				ONLY_ACTIVE_ARCH = YES;
				SDKROOT = iphoneos;
				SWIFT_ACTIVE_COMPILATION_CONDITIONS = "DEBUG $(inherited)";
				SWIFT_OPTIMIZATION_LEVEL = "-Onone";
			};
			name = Debug;
		};
		A1000100A1000100A1000400 /* Release */ = {
			isa = XCBuildConfiguration;
			buildSettings = {
				ALWAYS_SEARCH_USER_PATHS = NO;
				ASSETCATALOG_COMPILER_GENERATE_SWIFT_ASSET_SYMBOL_EXTENSIONS = YES;
				CLANG_ANALYZER_NONNULL = YES;
				CLANG_ANALYZER_NUMBER_OBJECT_CONVERSION = YES_AGGRESSIVE;
				CLANG_CXX_LANGUAGE_STANDARD = "gnu++20";
				CLANG_ENABLE_MODULES = YES;
				CLANG_ENABLE_OBJC_ARC = YES;
				CLANG_ENABLE_OBJC_WEAK = YES;
				CLANG_WARN_BLOCK_CAPTURE_AUTORELEASING = YES;
				CLANG_WARN_BOOL_CONVERSION = YES;
				CLANG_WARN_COMMA = YES;
				CLANG_WARN_CONSTANT_CONVERSION = YES;
				CLANG_WARN_DEPRECATED_OBJC_IMPLEMENTATIONS = YES;
				CLANG_WARN_DIRECT_OBJC_ISA_USAGE = YES_ERROR;
				CLANG_WARN_DOCUMENTATION_COMMENTS = YES;
				CLANG_WARN_EMPTY_BODY = YES;
				CLANG_WARN_ENUM_CONVERSION = YES;
				CLANG_WARN_INFINITE_RECURSION = YES;
				CLANG_WARN_INT_CONVERSION = YES;
				CLANG_WARN_NON_LITERAL_NULL_CONVERSION = YES;
				CLANG_WARN_OBJC_IMPLICIT_RETAIN_SELF = YES;
				CLANG_WARN_OBJC_LITERAL_CONVERSION = YES;
				CLANG_WARN_OBJC_ROOT_CLASS = YES_ERROR;
				CLANG_WARN_QUOTED_INCLUDE_IN_FRAMEWORK_HEADER = YES;
				CLANG_WARN_RANGE_LOOP_ANALYSIS = YES;
				CLANG_WARN_STRICT_PROTOTYPES = YES;
				CLANG_WARN_SUSPICIOUS_MOVE = YES;
				CLANG_WARN_UNGUARDED_AVAILABILITY = YES_AGGRESSIVE;
				CLANG_WARN_UNREACHABLE_CODE = YES;
				CLANG_WARN__DUPLICATE_METHOD_MATCH = YES;
				COPY_PHASE_STRIP = NO;
				DEBUG_INFORMATION_FORMAT = "dwarf-with-dsym";
				ENABLE_NS_ASSERTIONS = NO;
				ENABLE_STRICT_OBJC_MSGSEND = YES;
				ENABLE_USER_SCRIPT_SANDBOXING = YES;
				GCC_C_LANGUAGE_STANDARD = gnu17;
				GCC_NO_COMMON_BLOCKS = YES;
				GCC_WARN_64_TO_32_BIT_CONVERSION = YES;
				GCC_WARN_ABOUT_RETURN_TYPE = YES_ERROR;
				GCC_WARN_UNDECLARED_SELECTOR = YES;
				GCC_WARN_UNINITIALIZED_AUTOS = YES_AGGRESSIVE;
				GCC_WARN_UNUSED_FUNCTION = YES;
				GCC_WARN_UNUSED_VARIABLE = YES;
				IPHONEOS_DEPLOYMENT_TARGET = 17.0;
				LOCALIZATION_PREFERS_STRING_CATALOGS = YES;
				MTL_ENABLE_DEBUG_INFO = NO;
				MTL_FAST_MATH = YES;
				SDKROOT = iphoneos;
				SWIFT_COMPILATION_MODE = wholemodule;
				VALIDATE_PRODUCT = YES;
			};
			name = Release;
		};
		A1000200A1000200A1000400 /* Debug */ = {
			isa = XCBuildConfiguration;
			buildSettings = {
				ASSETCATALOG_COMPILER_APPICON_NAME = AppIcon;
				ASSETCATALOG_COMPILER_GLOBAL_ACCENT_COLOR_NAME = AccentColor;
				CODE_SIGN_STYLE = Automatic;
				CURRENT_PROJECT_VERSION = 1;
				DEVELOPMENT_ASSET_PATHS = "";
				DEVELOPMENT_TEAM = 647Y8SN38G;
				ENABLE_PREVIEWS = YES;
				GENERATE_INFOPLIST_FILE = YES;
				INFOPLIST_FILE = ClaudePM/Info.plist;
				INFOPLIST_KEY_UIApplicationSceneManifest_Generation = YES;
				INFOPLIST_KEY_UIApplicationSupportsIndirectInputEvents = YES;
				INFOPLIST_KEY_UILaunchScreen_Generation = YES;
				INFOPLIST_KEY_UISupportedInterfaceOrientations_iPad = "UIInterfaceOrientationPortrait UIInterfaceOrientationPortraitUpsideDown UIInterfaceOrientationLandscapeLeft UIInterfaceOrientationLandscapeRight";
				INFOPLIST_KEY_UISupportedInterfaceOrientations_iPhone = "UIInterfaceOrientationPortrait UIInterfaceOrientationLandscapeLeft UIInterfaceOrientationLandscapeRight";
				LD_RUNPATH_SEARCH_PATHS = (
					"$(inherited)",
					"@executable_path/Frameworks",
				);
				MARKETING_VERSION = 1.0;
				PRODUCT_BUNDLE_IDENTIFIER = com.claudepm.ios;
				PRODUCT_NAME = "$(TARGET_NAME)";
				SWIFT_EMIT_LOC_STRINGS = YES;
				SWIFT_VERSION = 5.0;
				TARGETED_DEVICE_FAMILY = "1,2";
			};
			name = Debug;
		};
		A1000200A1000200A1000500 /* Release */ = {
			isa = XCBuildConfiguration;
			buildSettings = {
				ASSETCATALOG_COMPILER_APPICON_NAME = AppIcon;
				ASSETCATALOG_COMPILER_GLOBAL_ACCENT_COLOR_NAME = AccentColor;
				CODE_SIGN_STYLE = Automatic;
				CURRENT_PROJECT_VERSION = 1;
				DEVELOPMENT_ASSET_PATHS = "";
				DEVELOPMENT_TEAM = 647Y8SN38G;
				ENABLE_PREVIEWS = YES;
				GENERATE_INFOPLIST_FILE = YES;
				INFOPLIST_FILE = ClaudePM/Info.plist;
				INFOPLIST_KEY_UIApplicationSceneManifest_Generation = YES;
				INFOPLIST_KEY_UIApplicationSupportsIndirectInputEvents = YES;
				INFOPLIST_KEY_UILaunchScreen_Generation = YES;
				INFOPLIST_KEY_UISupportedInterfaceOrientations_iPad = "UIInterfaceOrientationPortrait UIInterfaceOrientationPortraitUpsideDown UIInterfaceOrientationLandscapeLeft UIInterfaceOrientationLandscapeRight";
				INFOPLIST_KEY_UISupportedInterfaceOrientations_iPhone = "UIInterfaceOrientationPortrait UIInterfaceOrientationLandscapeLeft UIInterfaceOrientationLandscapeRight";
				LD_RUNPATH_SEARCH_PATHS = (
					"$(inherited)",
					"@executable_path/Frameworks",
				);
				MARKETING_VERSION = 1.0;
				PRODUCT_BUNDLE_IDENTIFIER = com.claudepm.ios;
				PRODUCT_NAME = "$(TARGET_NAME)";
				SWIFT_EMIT_LOC_STRINGS = YES;
				SWIFT_VERSION = 5.0;
				TARGETED_DEVICE_FAMILY = "1,2";
			};
			name = Release;
		};
		A1000300A1000300A1000400 /* Debug */ = {
			isa = XCBuildConfiguration;
			buildSettings = {
				BUNDLE_LOADER = "$(TEST_HOST)";
				CODE_SIGN_STYLE = Automatic;
				CURRENT_PROJECT_VERSION = 1;
				GENERATE_INFOPLIST_FILE = YES;
				IPHONEOS_DEPLOYMENT_TARGET = 17.0;
				MARKETING_VERSION = 1.0;
				PRODUCT_BUNDLE_IDENTIFIER = com.claudepm.ios.tests;
				PRODUCT_NAME = "$(TARGET_NAME)";
				SWIFT_EMIT_LOC_STRINGS = NO;
				SWIFT_VERSION = 5.0;
				TARGETED_DEVICE_FAMILY = "1,2";
				TEST_HOST = "$(BUILT_PRODUCTS_DIR)/ClaudePM.app/$(BUNDLE_EXECUTABLE_FOLDER_PATH)/ClaudePM";
			};
			name = Debug;
		};
		A1000300A1000300A1000500 /* Release */ = {
			isa = XCBuildConfiguration;
			buildSettings = {
				BUNDLE_LOADER = "$(TEST_HOST)";
				CODE_SIGN_STYLE = Automatic;
				CURRENT_PROJECT_VERSION = 1;
				GENERATE_INFOPLIST_FILE = YES;
				IPHONEOS_DEPLOYMENT_TARGET = 17.0;
				MARKETING_VERSION = 1.0;
				PRODUCT_BUNDLE_IDENTIFIER = com.claudepm.ios.tests;
				PRODUCT_NAME = "$(TARGET_NAME)";
				SWIFT_EMIT_LOC_STRINGS = NO;
				SWIFT_VERSION = 5.0;
				TARGETED_DEVICE_FAMILY = "1,2";
				TEST_HOST = "$(BUILT_PRODUCTS_DIR)/ClaudePM.app/$(BUNDLE_EXECUTABLE_FOLDER_PATH)/ClaudePM";
			};
			name = Release;
		};
/* End XCBuildConfiguration section */

/* Begin XCConfigurationList section */
		A1000100A1000100A1000200 /* Build configuration list for PBXProject "ClaudePM" */ = {
			isa = XCConfigurationList;
			buildConfigurations = (
				A1000100A1000100A1000300 /* Debug */,
				A1000100A1000100A1000400 /* Release */,
			);
			defaultConfigurationIsVisible = 0;
			defaultConfigurationName = Release;
		};
		A1000200A1000200A1000300 /* Build configuration list for PBXNativeTarget "ClaudePM" */ = {
			isa = XCConfigurationList;
			buildConfigurations = (
				A1000200A1000200A1000400 /* Debug */,
				A1000200A1000200A1000500 /* Release */,
			);
			defaultConfigurationIsVisible = 0;
			defaultConfigurationName = Release;
		};
		A1000300A1000300A1000300 /* Build configuration list for PBXNativeTarget "ClaudePMTests" */ = {
			isa = XCConfigurationList;
			buildConfigurations = (
				A1000300A1000300A1000400 /* Debug */,
				A1000300A1000300A1000500 /* Release */,
			);
			defaultConfigurationIsVisible = 0;
			defaultConfigurationName = Release;
		};
/* End XCConfigurationList section */

/* Begin XCRemoteSwiftPackageReference section */
		A1000700A1000700A1000700 /* XCRemoteSwiftPackageReference "SwiftTerm" */ = {
			isa = XCRemoteSwiftPackageReference;
			repositoryURL = "https://github.com/migueldeicaza/SwiftTerm";
			requirement = {
				kind = upToNextMajorVersion;
				minimumVersion = 1.0.0;
			};
		};
/* End XCRemoteSwiftPackageReference section */

/* Begin XCSwiftPackageProductDependency section */
		A1000701A1000701A1000701 /* SwiftTerm */ = {
			isa = XCSwiftPackageProductDependency;
			package = A1000700A1000700A1000700 /* XCRemoteSwiftPackageReference "SwiftTerm" */;
			productName = SwiftTerm;
		};
/* End XCSwiftPackageProductDependency section */
	};
	rootObject = A1000100A1000100A1000100 /* Project object */;
}
